// !$*UTF8*$!
{
	archiveVersion = 1;
	classes = {
	};
	objectVersion = 50;
	objects = {

/* Begin PBXBuildFile section */
		EDFD5BD126DAD1D400582AB6 /* AppDelegate.swift in Sources */ = {isa = PBXBuildFile; fileRef = EDFD5BD026DAD1D400582AB6 /* AppDelegate.swift */; };
		EDFD5BD326DAD1D400582AB6 /* SceneDelegate.swift in Sources */ = {isa = PBXBuildFile; fileRef = EDFD5BD226DAD1D400582AB6 /* SceneDelegate.swift */; };
		EDFD5BD526DAD1D400582AB6 /* ViewController.swift in Sources */ = {isa = PBXBuildFile; fileRef = EDFD5BD426DAD1D400582AB6 /* ViewController.swift */; };
		EDFD5BD826DAD1D400582AB6 /* Main.storyboard in Resources */ = {isa = PBXBuildFile; fileRef = EDFD5BD626DAD1D400582AB6 /* Main.storyboard */; };
		EDFD5BDA26DAD1D700582AB6 /* Assets.xcassets in Resources */ = {isa = PBXBuildFile; fileRef = EDFD5BD926DAD1D700582AB6 /* Assets.xcassets */; };
		EDFD5BDD26DAD1D700582AB6 /* LaunchScreen.storyboard in Resources */ = {isa = PBXBuildFile; fileRef = EDFD5BDB26DAD1D700582AB6 /* LaunchScreen.storyboard */; };
		EDFD5BE826DAD1D700582AB6 /* Prework___Rifat_KhanTests.swift in Sources */ = {isa = PBXBuildFile; fileRef = EDFD5BE726DAD1D700582AB6 /* Prework___Rifat_KhanTests.swift */; };
		EDFD5BF326DAD1D700582AB6 /* Prework___Rifat_KhanUITests.swift in Sources */ = {isa = PBXBuildFile; fileRef = EDFD5BF226DAD1D700582AB6 /* Prework___Rifat_KhanUITests.swift */; };
/* End PBXBuildFile section */

/* Begin PBXContainerItemProxy section */
		EDFD5BE426DAD1D700582AB6 /* PBXContainerItemProxy */ = {
			isa = PBXContainerItemProxy;
			containerPortal = EDFD5BC526DAD1D400582AB6 /* Project object */;
			proxyType = 1;
			remoteGlobalIDString = EDFD5BCC26DAD1D400582AB6;
			remoteInfo = "Prework - Rifat Khan";
		};
		EDFD5BEF26DAD1D700582AB6 /* PBXContainerItemProxy */ = {
			isa = PBXContainerItemProxy;
			containerPortal = EDFD5BC526DAD1D400582AB6 /* Project object */;
			proxyType = 1;
			remoteGlobalIDString = EDFD5BCC26DAD1D400582AB6;
			remoteInfo = "Prework - Rifat Khan";
		};
/* End PBXContainerItemProxy section */

/* Begin PBXFileReference section */
		EDFD5BCD26DAD1D400582AB6 /* Prework - Rifat Khan.app */ = {isa = PBXFileReference; explicitFileType = wrapper.application; includeInIndex = 0; path = "Prework - Rifat Khan.app"; sourceTree = BUILT_PRODUCTS_DIR; };
		EDFD5BD026DAD1D400582AB6 /* AppDelegate.swift */ = {isa = PBXFileReference; lastKnownFileType = sourcecode.swift; path = AppDelegate.swift; sourceTree = "<group>"; };
		EDFD5BD226DAD1D400582AB6 /* SceneDelegate.swift */ = {isa = PBXFileReference; lastKnownFileType = sourcecode.swift; path = SceneDelegate.swift; sourceTree = "<group>"; };
		EDFD5BD426DAD1D400582AB6 /* ViewController.swift */ = {isa = PBXFileReference; lastKnownFileType = sourcecode.swift; path = ViewController.swift; sourceTree = "<group>"; };
		EDFD5BD726DAD1D400582AB6 /* Base */ = {isa = PBXFileReference; lastKnownFileType = file.storyboard; name = Base; path = Base.lproj/Main.storyboard; sourceTree = "<group>"; };
		EDFD5BD926DAD1D700582AB6 /* Assets.xcassets */ = {isa = PBXFileReference; lastKnownFileType = folder.assetcatalog; path = Assets.xcassets; sourceTree = "<group>"; };
		EDFD5BDC26DAD1D700582AB6 /* Base */ = {isa = PBXFileReference; lastKnownFileType = file.storyboard; name = Base; path = Base.lproj/LaunchScreen.storyboard; sourceTree = "<group>"; };
		EDFD5BDE26DAD1D700582AB6 /* Info.plist */ = {isa = PBXFileReference; lastKnownFileType = text.plist.xml; path = Info.plist; sourceTree = "<group>"; };
		EDFD5BE326DAD1D700582AB6 /* Prework - Rifat KhanTests.xctest */ = {isa = PBXFileReference; explicitFileType = wrapper.cfbundle; includeInIndex = 0; path = "Prework - Rifat KhanTests.xctest"; sourceTree = BUILT_PRODUCTS_DIR; };
		EDFD5BE726DAD1D700582AB6 /* Prework___Rifat_KhanTests.swift */ = {isa = PBXFileReference; lastKnownFileType = sourcecode.swift; path = "Prework___Rifat_KhanTests.swift"; sourceTree = "<group>"; };
		EDFD5BE926DAD1D700582AB6 /* Info.plist */ = {isa = PBXFileReference; lastKnownFileType = text.plist.xml; path = Info.plist; sourceTree = "<group>"; };
		EDFD5BEE26DAD1D700582AB6 /* Prework - Rifat KhanUITests.xctest */ = {isa = PBXFileReference; explicitFileType = wrapper.cfbundle; includeInIndex = 0; path = "Prework - Rifat KhanUITests.xctest"; sourceTree = BUILT_PRODUCTS_DIR; };
		EDFD5BF226DAD1D700582AB6 /* Prework___Rifat_KhanUITests.swift */ = {isa = PBXFileReference; lastKnownFileType = sourcecode.swift; path = "Prework___Rifat_KhanUITests.swift"; sourceTree = "<group>"; };
		EDFD5BF426DAD1D700582AB6 /* Info.plist */ = {isa = PBXFileReference; lastKnownFileType = text.plist.xml; path = Info.plist; sourceTree = "<group>"; };
/* End PBXFileReference section */

/* Begin PBXFrameworksBuildPhase section */
		EDFD5BCA26DAD1D400582AB6 /* Frameworks */ = {
			isa = PBXFrameworksBuildPhase;
			buildActionMask = 2147483647;
			files = (
			);
			runOnlyForDeploymentPostprocessing = 0;
		};
		EDFD5BE026DAD1D700582AB6 /* Frameworks */ = {
			isa = PBXFrameworksBuildPhase;
			buildActionMask = 2147483647;
			files = (
			);
			runOnlyForDeploymentPostprocessing = 0;
		};
		EDFD5BEB26DAD1D700582AB6 /* Frameworks */ = {
			isa = PBXFrameworksBuildPhase;
			buildActionMask = 2147483647;
			files = (
			);
			runOnlyForDeploymentPostprocessing = 0;
		};
/* End PBXFrameworksBuildPhase section */

/* Begin PBXGroup section */
		EDFD5BC426DAD1D400582AB6 = {
			isa = PBXGroup;
			children = (
				EDFD5BCF26DAD1D400582AB6 /* Prework - Rifat Khan */,
				EDFD5BE626DAD1D700582AB6 /* Prework - Rifat KhanTests */,
				EDFD5BF126DAD1D700582AB6 /* Prework - Rifat KhanUITests */,
				EDFD5BCE26DAD1D400582AB6 /* Products */,
			);
			sourceTree = "<group>";
		};
		EDFD5BCE26DAD1D400582AB6 /* Products */ = {
			isa = PBXGroup;
			children = (
				EDFD5BCD26DAD1D400582AB6 /* Prework - Rifat Khan.app */,
				EDFD5BE326DAD1D700582AB6 /* Prework - Rifat KhanTests.xctest */,
				EDFD5BEE26DAD1D700582AB6 /* Prework - Rifat KhanUITests.xctest */,
			);
			name = Products;
			sourceTree = "<group>";
		};
		EDFD5BCF26DAD1D400582AB6 /* Prework - Rifat Khan */ = {
			isa = PBXGroup;
			children = (
				EDFD5BD026DAD1D400582AB6 /* AppDelegate.swift */,
				EDFD5BD226DAD1D400582AB6 /* SceneDelegate.swift */,
				EDFD5BD426DAD1D400582AB6 /* ViewController.swift */,
				EDFD5BD626DAD1D400582AB6 /* Main.storyboard */,
				EDFD5BD926DAD1D700582AB6 /* Assets.xcassets */,
				EDFD5BDB26DAD1D700582AB6 /* LaunchScreen.storyboard */,
				EDFD5BDE26DAD1D700582AB6 /* Info.plist */,
			);
			path = "Prework - Rifat Khan";
			sourceTree = "<group>";
		};
		EDFD5BE626DAD1D700582AB6 /* Prework - Rifat KhanTests */ = {
			isa = PBXGroup;
			children = (
				EDFD5BE726DAD1D700582AB6 /* Prework___Rifat_KhanTests.swift */,
				EDFD5BE926DAD1D700582AB6 /* Info.plist */,
			);
			path = "Prework - Rifat KhanTests";
			sourceTree = "<group>";
		};
		EDFD5BF126DAD1D700582AB6 /* Prework - Rifat KhanUITests */ = {
			isa = PBXGroup;
			children = (
				EDFD5BF226DAD1D700582AB6 /* Prework___Rifat_KhanUITests.swift */,
				EDFD5BF426DAD1D700582AB6 /* Info.plist */,
			);
			path = "Prework - Rifat KhanUITests";
			sourceTree = "<group>";
		};
/* End PBXGroup section */

/* Begin PBXNativeTarget section */
		EDFD5BCC26DAD1D400582AB6 /* Prework - Rifat Khan */ = {
			isa = PBXNativeTarget;
			buildConfigurationList = EDFD5BF726DAD1D700582AB6 /* Build configuration list for PBXNativeTarget "Prework - Rifat Khan" */;
			buildPhases = (
				EDFD5BC926DAD1D400582AB6 /* Sources */,
				EDFD5BCA26DAD1D400582AB6 /* Frameworks */,
				EDFD5BCB26DAD1D400582AB6 /* Resources */,
			);
			buildRules = (
			);
			dependencies = (
			);
			name = "Prework - Rifat Khan";
			productName = "Prework - Rifat Khan";
			productReference = EDFD5BCD26DAD1D400582AB6 /* Prework - Rifat Khan.app */;
			productType = "com.apple.product-type.application";
		};
		EDFD5BE226DAD1D700582AB6 /* Prework - Rifat KhanTests */ = {
			isa = PBXNativeTarget;
			buildConfigurationList = EDFD5BFA26DAD1D700582AB6 /* Build configuration list for PBXNativeTarget "Prework - Rifat KhanTests" */;
			buildPhases = (
				EDFD5BDF26DAD1D700582AB6 /* Sources */,
				EDFD5BE026DAD1D700582AB6 /* Frameworks */,
				EDFD5BE126DAD1D700582AB6 /* Resources */,
			);
			buildRules = (
			);
			dependencies = (
				EDFD5BE526DAD1D700582AB6 /* PBXTargetDependency */,
			);
			name = "Prework - Rifat KhanTests";
			productName = "Prework - Rifat KhanTests";
			productReference = EDFD5BE326DAD1D700582AB6 /* Prework - Rifat KhanTests.xctest */;
			productType = "com.apple.product-type.bundle.unit-test";
		};
		EDFD5BED26DAD1D700582AB6 /* Prework - Rifat KhanUITests */ = {
			isa = PBXNativeTarget;
			buildConfigurationList = EDFD5BFD26DAD1D700582AB6 /* Build configuration list for PBXNativeTarget "Prework - Rifat KhanUITests" */;
			buildPhases = (
				EDFD5BEA26DAD1D700582AB6 /* Sources */,
				EDFD5BEB26DAD1D700582AB6 /* Frameworks */,
				EDFD5BEC26DAD1D700582AB6 /* Resources */,
			);
			buildRules = (
			);
			dependencies = (
				EDFD5BF026DAD1D700582AB6 /* PBXTargetDependency */,
			);
			name = "Prework - Rifat KhanUITests";
			productName = "Prework - Rifat KhanUITests";
			productReference = EDFD5BEE26DAD1D700582AB6 /* Prework - Rifat KhanUITests.xctest */;
			productType = "com.apple.product-type.bundle.ui-testing";
		};
/* End PBXNativeTarget section */

/* Begin PBXProject section */
		EDFD5BC526DAD1D400582AB6 /* Project object */ = {
			isa = PBXProject;
			attributes = {
				LastSwiftUpdateCheck = 1240;
				LastUpgradeCheck = 1240;
				TargetAttributes = {
					EDFD5BCC26DAD1D400582AB6 = {
						CreatedOnToolsVersion = 12.4;
					};
					EDFD5BE226DAD1D700582AB6 = {
						CreatedOnToolsVersion = 12.4;
						TestTargetID = EDFD5BCC26DAD1D400582AB6;
					};
					EDFD5BED26DAD1D700582AB6 = {
						CreatedOnToolsVersion = 12.4;
						TestTargetID = EDFD5BCC26DAD1D400582AB6;
					};
				};
			};
			buildConfigurationList = EDFD5BC826DAD1D400582AB6 /* Build configuration list for PBXProject "Prework - Rifat Khan" */;
			compatibilityVersion = "Xcode 9.3";
			developmentRegion = en;
			hasScannedForEncodings = 0;
			knownRegions = (
				en,
				Base,
			);
			mainGroup = EDFD5BC426DAD1D400582AB6;
			productRefGroup = EDFD5BCE26DAD1D400582AB6 /* Products */;
			projectDirPath = "";
			projectRoot = "";
			targets = (
				EDFD5BCC26DAD1D400582AB6 /* Prework - Rifat Khan */,
				EDFD5BE226DAD1D700582AB6 /* Prework - Rifat KhanTests */,
				EDFD5BED26DAD1D700582AB6 /* Prework - Rifat KhanUITests */,
			);
		};
/* End PBXProject section */

/* Begin PBXResourcesBuildPhase section */
		EDFD5BCB26DAD1D400582AB6 /* Resources */ = {
			isa = PBXResourcesBuildPhase;
			buildActionMask = 2147483647;
			files = (
				EDFD5BDD26DAD1D700582AB6 /* LaunchScreen.storyboard in Resources */,
				EDFD5BDA26DAD1D700582AB6 /* Assets.xcassets in Resources */,
				EDFD5BD826DAD1D400582AB6 /* Main.storyboard in Resources */,
			);
			runOnlyForDeploymentPostprocessing = 0;
		};
		EDFD5BE126DAD1D700582AB6 /* Resources */ = {
			isa = PBXResourcesBuildPhase;
			buildActionMask = 2147483647;
			files = (
			);
			runOnlyForDeploymentPostprocessing = 0;
		};
		EDFD5BEC26DAD1D700582AB6 /* Resources */ = {
			isa = PBXResourcesBuildPhase;
			buildActionMask = 2147483647;
			files = (
			);
			runOnlyForDeploymentPostprocessing = 0;
		};
/* End PBXResourcesBuildPhase section */

/* Begin PBXSourcesBuildPhase section */
		EDFD5BC926DAD1D400582AB6 /* Sources */ = {
			isa = PBXSourcesBuildPhase;
			buildActionMask = 2147483647;
			files = (
				EDFD5BD526DAD1D400582AB6 /* ViewController.swift in Sources */,
				EDFD5BD126DAD1D400582AB6 /* AppDelegate.swift in Sources */,
				EDFD5BD326DAD1D400582AB6 /* SceneDelegate.swift in Sources */,
			);
			runOnlyForDeploymentPostprocessing = 0;
		};
		EDFD5BDF26DAD1D700582AB6 /* Sources */ = {
			isa = PBXSourcesBuildPhase;
			buildActionMask = 2147483647;
			files = (
				EDFD5BE826DAD1D700582AB6 /* Prework___Rifat_KhanTests.swift in Sources */,
			);
			runOnlyForDeploymentPostprocessing = 0;
		};
		EDFD5BEA26DAD1D700582AB6 /* Sources */ = {
			isa = PBXSourcesBuildPhase;
			buildActionMask = 2147483647;
			files = (
				EDFD5BF326DAD1D700582AB6 /* Prework___Rifat_KhanUITests.swift in Sources */,
			);
			runOnlyForDeploymentPostprocessing = 0;
		};
/* End PBXSourcesBuildPhase section */

/* Begin PBXTargetDependency section */
		EDFD5BE526DAD1D700582AB6 /* PBXTargetDependency */ = {
			isa = PBXTargetDependency;
			target = EDFD5BCC26DAD1D400582AB6 /* Prework - Rifat Khan */;
			targetProxy = EDFD5BE426DAD1D700582AB6 /* PBXContainerItemProxy */;
		};
		EDFD5BF026DAD1D700582AB6 /* PBXTargetDependency */ = {
			isa = PBXTargetDependency;
			target = EDFD5BCC26DAD1D400582AB6 /* Prework - Rifat Khan */;
			targetProxy = EDFD5BEF26DAD1D700582AB6 /* PBXContainerItemProxy */;
		};
/* End PBXTargetDependency section */

/* Begin PBXVariantGroup section */
		EDFD5BD626DAD1D400582AB6 /* Main.storyboard */ = {
			isa = PBXVariantGroup;
			children = (
				EDFD5BD726DAD1D400582AB6 /* Base */,
			);
			name = Main.storyboard;
			sourceTree = "<group>";
		};
		EDFD5BDB26DAD1D700582AB6 /* LaunchScreen.storyboard */ = {
			isa = PBXVariantGroup;
			children = (
				EDFD5BDC26DAD1D700582AB6 /* Base */,
			);
			name = LaunchScreen.storyboard;
			sourceTree = "<group>";
		};
/* End PBXVariantGroup section */

/* Begin XCBuildConfiguration section */
		EDFD5BF526DAD1D700582AB6 /* Debug */ = {
			isa = XCBuildConfiguration;
			buildSettings = {
				ALWAYS_SEARCH_USER_PATHS = NO;
				CLANG_ANALYZER_NONNULL = YES;
				CLANG_ANALYZER_NUMBER_OBJECT_CONVERSION = YES_AGGRESSIVE;
				CLANG_CXX_LANGUAGE_STANDARD = "gnu++14";
				CLANG_CXX_LIBRARY = "libc++";
				CLANG_ENABLE_MODULES = YES;
				CLANG_ENABLE_OBJC_ARC = YES;
				CLANG_ENABLE_OBJC_WEAK = YES;
				CLANG_WARN_BLOCK_CAPTURE_AUTORELEASING = YES;
				CLANG_WARN_BOOL_CONVERSION = YES;
				CLANG_WARN_COMMA = YES;
				CLANG_WARN_CONSTANT_CONVERSION = YES;
				CLANG_WARN_DEPRECATED_OBJC_IMPLEMENTATIONS = YES;
				CLANG_WARN_DIRECT_OBJC_ISA_USAGE = YES_ERROR;
				CLANG_WARN_DOCUMENTATION_COMMENTS = YES;
				CLANG_WARN_EMPTY_BODY = YES;
				CLANG_WARN_ENUM_CONVERSION = YES;
				CLANG_WARN_INFINITE_RECURSION = YES;
				CLANG_WARN_INT_CONVERSION = YES;
				CLANG_WARN_NON_LITERAL_NULL_CONVERSION = YES;
				CLANG_WARN_OBJC_IMPLICIT_RETAIN_SELF = YES;
				CLANG_WARN_OBJC_LITERAL_CONVERSION = YES;
				CLANG_WARN_OBJC_ROOT_CLASS = YES_ERROR;
				CLANG_WARN_QUOTED_INCLUDE_IN_FRAMEWORK_HEADER = YES;
				CLANG_WARN_RANGE_LOOP_ANALYSIS = YES;
				CLANG_WARN_STRICT_PROTOTYPES = YES;
				CLANG_WARN_SUSPICIOUS_MOVE = YES;
				CLANG_WARN_UNGUARDED_AVAILABILITY = YES_AGGRESSIVE;
				CLANG_WARN_UNREACHABLE_CODE = YES;
				CLANG_WARN__DUPLICATE_METHOD_MATCH = YES;
				COPY_PHASE_STRIP = NO;
				DEBUG_INFORMATION_FORMAT = dwarf;
				ENABLE_STRICT_OBJC_MSGSEND = YES;
				ENABLE_TESTABILITY = YES;
				GCC_C_LANGUAGE_STANDARD = gnu11;
				GCC_DYNAMIC_NO_PIC = NO;
				GCC_NO_COMMON_BLOCKS = YES;
				GCC_OPTIMIZATION_LEVEL = 0;
				GCC_PREPROCESSOR_DEFINITIONS = (
					"DEBUG=1",
					"$(inherited)",
				);
				GCC_WARN_64_TO_32_BIT_CONVERSION = YES;
				GCC_WARN_ABOUT_RETURN_TYPE = YES_ERROR;
				GCC_WARN_UNDECLARED_SELECTOR = YES;
				GCC_WARN_UNINITIALIZED_AUTOS = YES_AGGRESSIVE;
				GCC_WARN_UNUSED_FUNCTION = YES;
				GCC_WARN_UNUSED_VARIABLE = YES;
				IPHONEOS_DEPLOYMENT_TARGET = 14.4;
				MTL_ENABLE_DEBUG_INFO = INCLUDE_SOURCE;
				MTL_FAST_MATH = YES;
				ONLY_ACTIVE_ARCH = YES;
				SDKROOT = iphoneos;
				SWIFT_ACTIVE_COMPILATION_CONDITIONS = DEBUG;
				SWIFT_OPTIMIZATION_LEVEL = "-Onone";
			};
			name = Debug;
		};
		EDFD5BF626DAD1D700582AB6 /* Release */ = {
			isa = XCBuildConfiguration;
			buildSettings = {
				ALWAYS_SEARCH_USER_PATHS = NO;
				CLANG_ANALYZER_NONNULL = YES;
				CLANG_ANALYZER_NUMBER_OBJECT_CONVERSION = YES_AGGRESSIVE;
				CLANG_CXX_LANGUAGE_STANDARD = "gnu++14";
				CLANG_CXX_LIBRARY = "libc++";
				CLANG_ENABLE_MODULES = YES;
				CLANG_ENABLE_OBJC_ARC = YES;
				CLANG_ENABLE_OBJC_WEAK = YES;
				CLANG_WARN_BLOCK_CAPTURE_AUTORELEASING = YES;
				CLANG_WARN_BOOL_CONVERSION = YES;
				CLANG_WARN_COMMA = YES;
				CLANG_WARN_CONSTANT_CONVERSION = YES;
				CLANG_WARN_DEPRECATED_OBJC_IMPLEMENTATIONS = YES;
				CLANG_WARN_DIRECT_OBJC_ISA_USAGE = YES_ERROR;
				CLANG_WARN_DOCUMENTATION_COMMENTS = YES;
				CLANG_WARN_EMPTY_BODY = YES;
				CLANG_WARN_ENUM_CONVERSION = YES;
				CLANG_WARN_INFINITE_RECURSION = YES;
				CLANG_WARN_INT_CONVERSION = YES;
				CLANG_WARN_NON_LITERAL_NULL_CONVERSION = YES;
				CLANG_WARN_OBJC_IMPLICIT_RETAIN_SELF = YES;
				CLANG_WARN_OBJC_LITERAL_CONVERSION = YES;
				CLANG_WARN_OBJC_ROOT_CLASS = YES_ERROR;
				CLANG_WARN_QUOTED_INCLUDE_IN_FRAMEWORK_HEADER = YES;
				CLANG_WARN_RANGE_LOOP_ANALYSIS = YES;
				CLANG_WARN_STRICT_PROTOTYPES = YES;
				CLANG_WARN_SUSPICIOUS_MOVE = YES;
				CLANG_WARN_UNGUARDED_AVAILABILITY = YES_AGGRESSIVE;
				CLANG_WARN_UNREACHABLE_CODE = YES;
				CLANG_WARN__DUPLICATE_METHOD_MATCH = YES;
				COPY_PHASE_STRIP = NO;
				DEBUG_INFORMATION_FORMAT = "dwarf-with-dsym";
				ENABLE_NS_ASSERTIONS = NO;
				ENABLE_STRICT_OBJC_MSGSEND = YES;
				GCC_C_LANGUAGE_STANDARD = gnu11;
				GCC_NO_COMMON_BLOCKS = YES;
				GCC_WARN_64_TO_32_BIT_CONVERSION = YES;
				GCC_WARN_ABOUT_RETURN_TYPE = YES_ERROR;
				GCC_WARN_UNDECLARED_SELECTOR = YES;
				GCC_WARN_UNINITIALIZED_AUTOS = YES_AGGRESSIVE;
				GCC_WARN_UNUSED_FUNCTION = YES;
				GCC_WARN_UNUSED_VARIABLE = YES;
				IPHONEOS_DEPLOYMENT_TARGET = 14.4;
				MTL_ENABLE_DEBUG_INFO = NO;
				MTL_FAST_MATH = YES;
				SDKROOT = iphoneos;
				SWIFT_COMPILATION_MODE = wholemodule;
				SWIFT_OPTIMIZATION_LEVEL = "-O";
				VALIDATE_PRODUCT = YES;
			};
			name = Release;
		};
		EDFD5BF826DAD1D700582AB6 /* Debug */ = {
			isa = XCBuildConfiguration;
			buildSettings = {
				ASSETCATALOG_COMPILER_APPICON_NAME = AppIcon;
				ASSETCATALOG_COMPILER_GLOBAL_ACCENT_COLOR_NAME = AccentColor;
				CODE_SIGN_STYLE = Automatic;
				DEVELOPMENT_TEAM = KHCC3F62LR;
				INFOPLIST_FILE = "Prework - Rifat Khan/Info.plist";
				LD_RUNPATH_SEARCH_PATHS = (
					"$(inherited)",
					"@executable_path/Frameworks",
				);
				PRODUCT_BUNDLE_IDENTIFIER = "memo.com.Prework---Rifat-Khan";
				PRODUCT_NAME = "$(TARGET_NAME)";
				SWIFT_VERSION = 5.0;
				TARGETED_DEVICE_FAMILY = "1,2";
			};
			name = Debug;
		};
		EDFD5BF926DAD1D700582AB6 /* Release */ = {
			isa = XCBuildConfiguration;
			buildSettings = {
				ASSETCATALOG_COMPILER_APPICON_NAME = AppIcon;
				ASSETCATALOG_COMPILER_GLOBAL_ACCENT_COLOR_NAME = AccentColor;
				CODE_SIGN_STYLE = Automatic;
				DEVELOPMENT_TEAM = KHCC3F62LR;
				INFOPLIST_FILE = "Prework - Rifat Khan/Info.plist";
				LD_RUNPATH_SEARCH_PATHS = (
					"$(inherited)",
					"@executable_path/Frameworks",
				);
				PRODUCT_BUNDLE_IDENTIFIER = "memo.com.Prework---Rifat-Khan";
				PRODUCT_NAME = "$(TARGET_NAME)";
				SWIFT_VERSION = 5.0;
				TARGETED_DEVICE_FAMILY = "1,2";
			};
			name = Release;
		};
		EDFD5BFB26DAD1D700582AB6 /* Debug */ = {
			isa = XCBuildConfiguration;
			buildSettings = {
				ALWAYS_EMBED_SWIFT_STANDARD_LIBRARIES = YES;
				BUNDLE_LOADER = "$(TEST_HOST)";
				CODE_SIGN_STYLE = Automatic;
				DEVELOPMENT_TEAM = KHCC3F62LR;
				INFOPLIST_FILE = "Prework - Rifat KhanTests/Info.plist";
				IPHONEOS_DEPLOYMENT_TARGET = 14.4;
				LD_RUNPATH_SEARCH_PATHS = (
					"$(inherited)",
					"@executable_path/Frameworks",
					"@loader_path/Frameworks",
				);
				PRODUCT_BUNDLE_IDENTIFIER = "memo.com.Prework---Rifat-KhanTests";
				PRODUCT_NAME = "$(TARGET_NAME)";
				SWIFT_VERSION = 5.0;
				TARGETED_DEVICE_FAMILY = "1,2";
				TEST_HOST = "$(BUILT_PRODUCTS_DIR)/Prework - Rifat Khan.app/Prework - Rifat Khan";
			};
			name = Debug;
		};
		EDFD5BFC26DAD1D700582AB6 /* Release */ = {
			isa = XCBuildConfiguration;
			buildSettings = {
				ALWAYS_EMBED_SWIFT_STANDARD_LIBRARIES = YES;
				BUNDLE_LOADER = "$(TEST_HOST)";
				CODE_SIGN_STYLE = Automatic;
				DEVELOPMENT_TEAM = KHCC3F62LR;
				INFOPLIST_FILE = "Prework - Rifat KhanTests/Info.plist";
				IPHONEOS_DEPLOYMENT_TARGET = 14.4;
				LD_RUNPATH_SEARCH_PATHS = (
					"$(inherited)",
					"@executable_path/Frameworks",
					"@loader_path/Frameworks",
				);
				PRODUCT_BUNDLE_IDENTIFIER = "memo.com.Prework---Rifat-KhanTests";
				PRODUCT_NAME = "$(TARGET_NAME)";
				SWIFT_VERSION = 5.0;
				TARGETED_DEVICE_FAMILY = "1,2";
				TEST_HOST = "$(BUILT_PRODUCTS_DIR)/Prework - Rifat Khan.app/Prework - Rifat Khan";
			};
			name = Release;
		};
		EDFD5BFE26DAD1D700582AB6 /* Debug */ = {
			isa = XCBuildConfiguration;
			buildSettings = {
				ALWAYS_EMBED_SWIFT_STANDARD_LIBRARIES = YES;
				CODE_SIGN_STYLE = Automatic;
				DEVELOPMENT_TEAM = KHCC3F62LR;
				INFOPLIST_FILE = "Prework - Rifat KhanUITests/Info.plist";
				LD_RUNPATH_SEARCH_PATHS = (
					"$(inherited)",
					"@executable_path/Frameworks",
					"@loader_path/Frameworks",
				);
				PRODUCT_BUNDLE_IDENTIFIER = "memo.com.Prework---Rifat-KhanUITests";
				PRODUCT_NAME = "$(TARGET_NAME)";
				SWIFT_VERSION = 5.0;
				TARGETED_DEVICE_FAMILY = "1,2";
				TEST_TARGET_NAME = "Prework - Rifat Khan";
			};
			name = Debug;
		};
		EDFD5BFF26DAD1D700582AB6 /* Release */ = {
			isa = XCBuildConfiguration;
			buildSettings = {
				ALWAYS_EMBED_SWIFT_STANDARD_LIBRARIES = YES;
				CODE_SIGN_STYLE = Automatic;
				DEVELOPMENT_TEAM = KHCC3F62LR;
				INFOPLIST_FILE = "Prework - Rifat KhanUITests/Info.plist";
				LD_RUNPATH_SEARCH_PATHS = (
					"$(inherited)",
					"@executable_path/Frameworks",
					"@loader_path/Frameworks",
				);
				PRODUCT_BUNDLE_IDENTIFIER = "memo.com.Prework---Rifat-KhanUITests";
				PRODUCT_NAME = "$(TARGET_NAME)";
				SWIFT_VERSION = 5.0;
				TARGETED_DEVICE_FAMILY = "1,2";
				TEST_TARGET_NAME = "Prework - Rifat Khan";
			};
			name = Release;
		};
/* End XCBuildConfiguration section */

/* Begin XCConfigurationList section */
		EDFD5BC826DAD1D400582AB6 /* Build configuration list for PBXProject "Prework - Rifat Khan" */ = {
			isa = XCConfigurationList;
			buildConfigurations = (
				EDFD5BF526DAD1D700582AB6 /* Debug */,
				EDFD5BF626DAD1D700582AB6 /* Release */,
			);
			defaultConfigurationIsVisible = 0;
			defaultConfigurationName = Release;
		};
		EDFD5BF726DAD1D700582AB6 /* Build configuration list for PBXNativeTarget "Prework - Rifat Khan" */ = {
			isa = XCConfigurationList;
			buildConfigurations = (
				EDFD5BF826DAD1D700582AB6 /* Debug */,
				EDFD5BF926DAD1D700582AB6 /* Release */,
			);
			defaultConfigurationIsVisible = 0;
			defaultConfigurationName = Release;
		};
		EDFD5BFA26DAD1D700582AB6 /* Build configuration list for PBXNativeTarget "Prework - Rifat KhanTests" */ = {
			isa = XCConfigurationList;
			buildConfigurations = (
				EDFD5BFB26DAD1D700582AB6 /* Debug */,
				EDFD5BFC26DAD1D700582AB6 /* Release */,
			);
			defaultConfigurationIsVisible = 0;
			defaultConfigurationName = Release;
		};
		EDFD5BFD26DAD1D700582AB6 /* Build configuration list for PBXNativeTarget "Prework - Rifat KhanUITests" */ = {
			isa = XCConfigurationList;
			buildConfigurations = (
				EDFD5BFE26DAD1D700582AB6 /* Debug */,
				EDFD5BFF26DAD1D700582AB6 /* Release */,
			);
			defaultConfigurationIsVisible = 0;
			defaultConfigurationName = Release;
		};
/* End XCConfigurationList section */
	};
	rootObject = EDFD5BC526DAD1D400582AB6 /* Project object */;
}
